
Microsoft Visual Studio Solution File, Format Version 12.00
# Visual Studio 15
VisualStudioVersion = 15.0.27428.2011
MinimumVisualStudioVersion = 10.0.40219.1
Project("{8BC9CEB8-8B4A-11D0-8D11-00A0C91BC942}") = "Task_1_2_11", "Task_1_2_11\Task_1_2_11.vcxproj", "{E92011F2-2C6F-4533-94A4-BC513967B0FE}"
EndProject
Global
	GlobalSection(SolutionConfigurationPlatforms) = preSolution
		Debug|x64 = Debug|x64
		Debug|x86 = Debug|x86
		Release|x64 = Release|x64
		Release|x86 = Release|x86
	EndGlobalSection
	GlobalSection(ProjectConfigurationPlatforms) = postSolution
		{E92011F2-2C6F-4533-94A4-BC513967B0FE}.Debug|x64.ActiveCfg = Debug|x64
		{E92011F2-2C6F-4533-94A4-BC513967B0FE}.Debug|x64.Build.0 = Debug|x64
		{E92011F2-2C6F-4533-94A4-BC513967B0FE}.Debug|x86.ActiveCfg = Debug|Win32
		{E92011F2-2C6F-4533-94A4-BC513967B0FE}.Debug|x86.Build.0 = Debug|Win32
		{E92011F2-2C6F-4533-94A4-BC513967B0FE}.Release|x64.ActiveCfg = Release|x64
		{E92011F2-2C6F-4533-94A4-BC513967B0FE}.Release|x64.Build.0 = Release|x64
		{E92011F2-2C6F-4533-94A4-BC513967B0FE}.Release|x86.ActiveCfg = Release|Win32
		{E92011F2-2C6F-4533-94A4-BC513967B0FE}.Release|x86.Build.0 = Release|Win32
	EndGlobalSection
	GlobalSection(SolutionProperties) = preSolution
		HideSolutionNode = FALSE
	EndGlobalSection
	GlobalSection(ExtensibilityGlobals) = postSolution
		SolutionGuid = {43B45DE4-66FC-486C-9C24-180FCC51691A}
	EndGlobalSection
EndGlobal
